// !$*UTF8*$!
{
	archiveVersion = 1;
	classes = {
	};
	objectVersion = 50;
	objects = {

/* Begin PBXBuildFile section */
		A6DA29D02505C8DD003241A7 /* AppDelegate.swift in Sources */ = {isa = PBXBuildFile; fileRef = A6DA29CF2505C8DD003241A7 /* AppDelegate.swift */; };
		A6DA29D22505C8DD003241A7 /* SceneDelegate.swift in Sources */ = {isa = PBXBuildFile; fileRef = A6DA29D12505C8DD003241A7 /* SceneDelegate.swift */; };
		A6DA29D42505C8DD003241A7 /* MasterViewController.swift in Sources */ = {isa = PBXBuildFile; fileRef = A6DA29D32505C8DD003241A7 /* MasterViewController.swift */; };
		A6DA29D62505C8DD003241A7 /* DetailViewController.swift in Sources */ = {isa = PBXBuildFile; fileRef = A6DA29D52505C8DD003241A7 /* DetailViewController.swift */; };
		A6DA29D92505C8DD003241A7 /* Main.storyboard in Resources */ = {isa = PBXBuildFile; fileRef = A6DA29D72505C8DD003241A7 /* Main.storyboard */; };
		A6DA29DB2505C8E0003241A7 /* Assets.xcassets in Resources */ = {isa = PBXBuildFile; fileRef = A6DA29DA2505C8E0003241A7 /* Assets.xcassets */; };
		A6DA29DE2505C8E0003241A7 /* LaunchScreen.storyboard in Resources */ = {isa = PBXBuildFile; fileRef = A6DA29DC2505C8E0003241A7 /* LaunchScreen.storyboard */; };
		A6DA29E82505D2B5003241A7 /* Model.swift in Sources */ = {isa = PBXBuildFile; fileRef = A6DA29E72505D2B5003241A7 /* Model.swift */; };
		A6DA29EB2505DD9C003241A7 /* Presenter.swift in Sources */ = {isa = PBXBuildFile; fileRef = A6DA29EA2505DD9C003241A7 /* Presenter.swift */; };
		A6DA29EE25060F6F003241A7 /* MasterViewController-UITableViewDataSource.swift in Sources */ = {isa = PBXBuildFile; fileRef = A6DA29ED25060F6F003241A7 /* MasterViewController-UITableViewDataSource.swift */; };
/* End PBXBuildFile section */

/* Begin PBXFileReference section */
		A6DA29CC2505C8DD003241A7 /* RefactorMVCToMVP.app */ = {isa = PBXFileReference; explicitFileType = wrapper.application; includeInIndex = 0; path = RefactorMVCToMVP.app; sourceTree = BUILT_PRODUCTS_DIR; };
		A6DA29CF2505C8DD003241A7 /* AppDelegate.swift */ = {isa = PBXFileReference; lastKnownFileType = sourcecode.swift; path = AppDelegate.swift; sourceTree = "<group>"; };
		A6DA29D12505C8DD003241A7 /* SceneDelegate.swift */ = {isa = PBXFileReference; lastKnownFileType = sourcecode.swift; path = SceneDelegate.swift; sourceTree = "<group>"; };
		A6DA29D32505C8DD003241A7 /* MasterViewController.swift */ = {isa = PBXFileReference; lastKnownFileType = sourcecode.swift; path = MasterViewController.swift; sourceTree = "<group>"; };
		A6DA29D52505C8DD003241A7 /* DetailViewController.swift */ = {isa = PBXFileReference; lastKnownFileType = sourcecode.swift; path = DetailViewController.swift; sourceTree = "<group>"; };
		A6DA29D82505C8DD003241A7 /* Base */ = {isa = PBXFileReference; lastKnownFileType = file.storyboard; name = Base; path = Base.lproj/Main.storyboard; sourceTree = "<group>"; };
		A6DA29DA2505C8E0003241A7 /* Assets.xcassets */ = {isa = PBXFileReference; lastKnownFileType = folder.assetcatalog; path = Assets.xcassets; sourceTree = "<group>"; };
		A6DA29DD2505C8E0003241A7 /* Base */ = {isa = PBXFileReference; lastKnownFileType = file.storyboard; name = Base; path = Base.lproj/LaunchScreen.storyboard; sourceTree = "<group>"; };
		A6DA29DF2505C8E0003241A7 /* Info.plist */ = {isa = PBXFileReference; lastKnownFileType = text.plist.xml; path = Info.plist; sourceTree = "<group>"; };
		A6DA29E72505D2B5003241A7 /* Model.swift */ = {isa = PBXFileReference; lastKnownFileType = sourcecode.swift; path = Model.swift; sourceTree = "<group>"; };
		A6DA29EA2505DD9C003241A7 /* Presenter.swift */ = {isa = PBXFileReference; lastKnownFileType = sourcecode.swift; path = Presenter.swift; sourceTree = "<group>"; };
		A6DA29ED25060F6F003241A7 /* MasterViewController-UITableViewDataSource.swift */ = {isa = PBXFileReference; lastKnownFileType = sourcecode.swift; path = "MasterViewController-UITableViewDataSource.swift"; sourceTree = "<group>"; };
/* End PBXFileReference section */

/* Begin PBXFrameworksBuildPhase section */
		A6DA29C92505C8DD003241A7 /* Frameworks */ = {
			isa = PBXFrameworksBuildPhase;
			buildActionMask = 2147483647;
			files = (
			);
			runOnlyForDeploymentPostprocessing = 0;
		};
/* End PBXFrameworksBuildPhase section */

/* Begin PBXGroup section */
		A6DA29C32505C8DD003241A7 = {
			isa = PBXGroup;
			children = (
				A6DA29CE2505C8DD003241A7 /* RefactorMVCToMVP */,
				A6DA29CD2505C8DD003241A7 /* Products */,
			);
			sourceTree = "<group>";
		};
		A6DA29CD2505C8DD003241A7 /* Products */ = {
			isa = PBXGroup;
			children = (
				A6DA29CC2505C8DD003241A7 /* RefactorMVCToMVP.app */,
			);
			name = Products;
			sourceTree = "<group>";
		};
		A6DA29CE2505C8DD003241A7 /* RefactorMVCToMVP */ = {
			isa = PBXGroup;
			children = (
				A6DA29EF2506101E003241A7 /* Controller */,
				A6DA29EC25060EC7003241A7 /* Helper */,
				A6DA29E92505DCF3003241A7 /* Presenter */,
				A6DA29E62505D29E003241A7 /* Model */,
				A6DA29CF2505C8DD003241A7 /* AppDelegate.swift */,
				A6DA29D12505C8DD003241A7 /* SceneDelegate.swift */,
				A6DA29D72505C8DD003241A7 /* Main.storyboard */,
				A6DA29DA2505C8E0003241A7 /* Assets.xcassets */,
				A6DA29DC2505C8E0003241A7 /* LaunchScreen.storyboard */,
				A6DA29DF2505C8E0003241A7 /* Info.plist */,
			);
			path = RefactorMVCToMVP;
			sourceTree = "<group>";
		};
		A6DA29E62505D29E003241A7 /* Model */ = {
			isa = PBXGroup;
			children = (
				A6DA29E72505D2B5003241A7 /* Model.swift */,
			);
			path = Model;
			sourceTree = "<group>";
		};
		A6DA29E92505DCF3003241A7 /* Presenter */ = {
			isa = PBXGroup;
			children = (
				A6DA29EA2505DD9C003241A7 /* Presenter.swift */,
			);
			path = Presenter;
			sourceTree = "<group>";
		};
		A6DA29EC25060EC7003241A7 /* Helper */ = {
			isa = PBXGroup;
			children = (
				A6DA29ED25060F6F003241A7 /* MasterViewController-UITableViewDataSource.swift */,
			);
			path = Helper;
			sourceTree = "<group>";
		};
		A6DA29EF2506101E003241A7 /* Controller */ = {
			isa = PBXGroup;
			children = (
				A6DA29D32505C8DD003241A7 /* MasterViewController.swift */,
				A6DA29D52505C8DD003241A7 /* DetailViewController.swift */,
			);
			path = Controller;
			sourceTree = "<group>";
		};
/* End PBXGroup section */

/* Begin PBXNativeTarget section */
		A6DA29CB2505C8DD003241A7 /* RefactorMVCToMVP */ = {
			isa = PBXNativeTarget;
			buildConfigurationList = A6DA29E22505C8E0003241A7 /* Build configuration list for PBXNativeTarget "RefactorMVCToMVP" */;
			buildPhases = (
				A6DA29C82505C8DD003241A7 /* Sources */,
				A6DA29C92505C8DD003241A7 /* Frameworks */,
				A6DA29CA2505C8DD003241A7 /* Resources */,
			);
			buildRules = (
			);
			dependencies = (
			);
			name = RefactorMVCToMVP;
			productName = RefactorMVCToMVP;
			productReference = A6DA29CC2505C8DD003241A7 /* RefactorMVCToMVP.app */;
			productType = "com.apple.product-type.application";
		};
/* End PBXNativeTarget section */

/* Begin PBXProject section */
		A6DA29C42505C8DD003241A7 /* Project object */ = {
			isa = PBXProject;
			attributes = {
				LastSwiftUpdateCheck = 1130;
				LastUpgradeCheck = 1130;
				ORGANIZATIONNAME = "Hasan Qasim";
				TargetAttributes = {
					A6DA29CB2505C8DD003241A7 = {
						CreatedOnToolsVersion = 11.3.1;
					};
				};
			};
			buildConfigurationList = A6DA29C72505C8DD003241A7 /* Build configuration list for PBXProject "RefactorMVCToMVP" */;
			compatibilityVersion = "Xcode 9.3";
			developmentRegion = en;
			hasScannedForEncodings = 0;
			knownRegions = (
				en,
				Base,
			);
			mainGroup = A6DA29C32505C8DD003241A7;
			productRefGroup = A6DA29CD2505C8DD003241A7 /* Products */;
			projectDirPath = "";
			projectRoot = "";
			targets = (
				A6DA29CB2505C8DD003241A7 /* RefactorMVCToMVP */,
			);
		};
/* End PBXProject section */

/* Begin PBXResourcesBuildPhase section */
		A6DA29CA2505C8DD003241A7 /* Resources */ = {
			isa = PBXResourcesBuildPhase;
			buildActionMask = 2147483647;
			files = (
				A6DA29DE2505C8E0003241A7 /* LaunchScreen.storyboard in Resources */,
				A6DA29DB2505C8E0003241A7 /* Assets.xcassets in Resources */,
				A6DA29D92505C8DD003241A7 /* Main.storyboard in Resources */,
			);
			runOnlyForDeploymentPostprocessing = 0;
		};
/* End PBXResourcesBuildPhase section */

/* Begin PBXSourcesBuildPhase section */
		A6DA29C82505C8DD003241A7 /* Sources */ = {
			isa = PBXSourcesBuildPhase;
			buildActionMask = 2147483647;
			files = (
				A6DA29EB2505DD9C003241A7 /* Presenter.swift in Sources */,
				A6DA29E82505D2B5003241A7 /* Model.swift in Sources */,
				A6DA29D02505C8DD003241A7 /* AppDelegate.swift in Sources */,
				A6DA29EE25060F6F003241A7 /* MasterViewController-UITableViewDataSource.swift in Sources */,
				A6DA29D22505C8DD003241A7 /* SceneDelegate.swift in Sources */,
				A6DA29D42505C8DD003241A7 /* MasterViewController.swift in Sources */,
				A6DA29D62505C8DD003241A7 /* DetailViewController.swift in Sources */,
			);
			runOnlyForDeploymentPostprocessing = 0;
		};
/* End PBXSourcesBuildPhase section */

/* Begin PBXVariantGroup section */
		A6DA29D72505C8DD003241A7 /* Main.storyboard */ = {
			isa = PBXVariantGroup;
			children = (
				A6DA29D82505C8DD003241A7 /* Base */,
			);
			name = Main.storyboard;
			sourceTree = "<group>";
		};
		A6DA29DC2505C8E0003241A7 /* LaunchScreen.storyboard */ = {
			isa = PBXVariantGroup;
			children = (
				A6DA29DD2505C8E0003241A7 /* Base */,
			);
			name = LaunchScreen.storyboard;
			sourceTree = "<group>";
		};
/* End PBXVariantGroup section */

/* Begin XCBuildConfiguration section */
		A6DA29E02505C8E0003241A7 /* Debug */ = {
			isa = XCBuildConfiguration;
			buildSettings = {
				ALWAYS_SEARCH_USER_PATHS = NO;
				CLANG_ANALYZER_NONNULL = YES;
				CLANG_ANALYZER_NUMBER_OBJECT_CONVERSION = YES_AGGRESSIVE;
				CLANG_CXX_LANGUAGE_STANDARD = "gnu++14";
				CLANG_CXX_LIBRARY = "libc++";
				CLANG_ENABLE_MODULES = YES;
				CLANG_ENABLE_OBJC_ARC = YES;
				CLANG_ENABLE_OBJC_WEAK = YES;
				CLANG_WARN_BLOCK_CAPTURE_AUTORELEASING = YES;
				CLANG_WARN_BOOL_CONVERSION = YES;
				CLANG_WARN_COMMA = YES;
				CLANG_WARN_CONSTANT_CONVERSION = YES;
				CLANG_WARN_DEPRECATED_OBJC_IMPLEMENTATIONS = YES;
				CLANG_WARN_DIRECT_OBJC_ISA_USAGE = YES_ERROR;
				CLANG_WARN_DOCUMENTATION_COMMENTS = YES;
				CLANG_WARN_EMPTY_BODY = YES;
				CLANG_WARN_ENUM_CONVERSION = YES;
				CLANG_WARN_INFINITE_RECURSION = YES;
				CLANG_WARN_INT_CONVERSION = YES;
				CLANG_WARN_NON_LITERAL_NULL_CONVERSION = YES;
				CLANG_WARN_OBJC_IMPLICIT_RETAIN_SELF = YES;
				CLANG_WARN_OBJC_LITERAL_CONVERSION = YES;
				CLANG_WARN_OBJC_ROOT_CLASS = YES_ERROR;
				CLANG_WARN_RANGE_LOOP_ANALYSIS = YES;
				CLANG_WARN_STRICT_PROTOTYPES = YES;
				CLANG_WARN_SUSPICIOUS_MOVE = YES;
				CLANG_WARN_UNGUARDED_AVAILABILITY = YES_AGGRESSIVE;
				CLANG_WARN_UNREACHABLE_CODE = YES;
				CLANG_WARN__DUPLICATE_METHOD_MATCH = YES;
				COPY_PHASE_STRIP = NO;
				DEBUG_INFORMATION_FORMAT = dwarf;
				ENABLE_STRICT_OBJC_MSGSEND = YES;
				ENABLE_TESTABILITY = YES;
				GCC_C_LANGUAGE_STANDARD = gnu11;
				GCC_DYNAMIC_NO_PIC = NO;
				GCC_NO_COMMON_BLOCKS = YES;
				GCC_OPTIMIZATION_LEVEL = 0;
				GCC_PREPROCESSOR_DEFINITIONS = (
					"DEBUG=1",
					"$(inherited)",
				);
				GCC_WARN_64_TO_32_BIT_CONVERSION = YES;
				GCC_WARN_ABOUT_RETURN_TYPE = YES_ERROR;
				GCC_WARN_UNDECLARED_SELECTOR = YES;
				GCC_WARN_UNINITIALIZED_AUTOS = YES_AGGRESSIVE;
				GCC_WARN_UNUSED_FUNCTION = YES;
				GCC_WARN_UNUSED_VARIABLE = YES;
				IPHONEOS_DEPLOYMENT_TARGET = 13.2;
				MTL_ENABLE_DEBUG_INFO = INCLUDE_SOURCE;
				MTL_FAST_MATH = YES;
				ONLY_ACTIVE_ARCH = YES;
				SDKROOT = iphoneos;
				SWIFT_ACTIVE_COMPILATION_CONDITIONS = DEBUG;
				SWIFT_OPTIMIZATION_LEVEL = "-Onone";
			};
			name = Debug;
		};
		A6DA29E12505C8E0003241A7 /* Release */ = {
			isa = XCBuildConfiguration;
			buildSettings = {
				ALWAYS_SEARCH_USER_PATHS = NO;
				CLANG_ANALYZER_NONNULL = YES;
				CLANG_ANALYZER_NUMBER_OBJECT_CONVERSION = YES_AGGRESSIVE;
				CLANG_CXX_LANGUAGE_STANDARD = "gnu++14";
				CLANG_CXX_LIBRARY = "libc++";
				CLANG_ENABLE_MODULES = YES;
				CLANG_ENABLE_OBJC_ARC = YES;
				CLANG_ENABLE_OBJC_WEAK = YES;
				CLANG_WARN_BLOCK_CAPTURE_AUTORELEASING = YES;
				CLANG_WARN_BOOL_CONVERSION = YES;
				CLANG_WARN_COMMA = YES;
				CLANG_WARN_CONSTANT_CONVERSION = YES;
				CLANG_WARN_DEPRECATED_OBJC_IMPLEMENTATIONS = YES;
				CLANG_WARN_DIRECT_OBJC_ISA_USAGE = YES_ERROR;
				CLANG_WARN_DOCUMENTATION_COMMENTS = YES;
				CLANG_WARN_EMPTY_BODY = YES;
				CLANG_WARN_ENUM_CONVERSION = YES;
				CLANG_WARN_INFINITE_RECURSION = YES;
				CLANG_WARN_INT_CONVERSION = YES;
				CLANG_WARN_NON_LITERAL_NULL_CONVERSION = YES;
				CLANG_WARN_OBJC_IMPLICIT_RETAIN_SELF = YES;
				CLANG_WARN_OBJC_LITERAL_CONVERSION = YES;
				CLANG_WARN_OBJC_ROOT_CLASS = YES_ERROR;
				CLANG_WARN_RANGE_LOOP_ANALYSIS = YES;
				CLANG_WARN_STRICT_PROTOTYPES = YES;
				CLANG_WARN_SUSPICIOUS_MOVE = YES;
				CLANG_WARN_UNGUARDED_AVAILABILITY = YES_AGGRESSIVE;
				CLANG_WARN_UNREACHABLE_CODE = YES;
				CLANG_WARN__DUPLICATE_METHOD_MATCH = YES;
				COPY_PHASE_STRIP = NO;
				DEBUG_INFORMATION_FORMAT = "dwarf-with-dsym";
				ENABLE_NS_ASSERTIONS = NO;
				ENABLE_STRICT_OBJC_MSGSEND = YES;
				GCC_C_LANGUAGE_STANDARD = gnu11;
				GCC_NO_COMMON_BLOCKS = YES;
				GCC_WARN_64_TO_32_BIT_CONVERSION = YES;
				GCC_WARN_ABOUT_RETURN_TYPE = YES_ERROR;
				GCC_WARN_UNDECLARED_SELECTOR = YES;
				GCC_WARN_UNINITIALIZED_AUTOS = YES_AGGRESSIVE;
				GCC_WARN_UNUSED_FUNCTION = YES;
				GCC_WARN_UNUSED_VARIABLE = YES;
				IPHONEOS_DEPLOYMENT_TARGET = 13.2;
				MTL_ENABLE_DEBUG_INFO = NO;
				MTL_FAST_MATH = YES;
				SDKROOT = iphoneos;
				SWIFT_COMPILATION_MODE = wholemodule;
				SWIFT_OPTIMIZATION_LEVEL = "-O";
				VALIDATE_PRODUCT = YES;
			};
			name = Release;
		};
		A6DA29E32505C8E0003241A7 /* Debug */ = {
			isa = XCBuildConfiguration;
			buildSettings = {
				ASSETCATALOG_COMPILER_APPICON_NAME = AppIcon;
				CODE_SIGN_STYLE = Automatic;
				DEVELOPMENT_TEAM = 2B9H3895JF;
				INFOPLIST_FILE = RefactorMVCToMVP/Info.plist;
				LD_RUNPATH_SEARCH_PATHS = (
					"$(inherited)",
					"@executable_path/Frameworks",
				);
				PRODUCT_BUNDLE_IDENTIFIER = edu.monash.RefactorMVCToMVP;
				PRODUCT_NAME = "$(TARGET_NAME)";
				SWIFT_VERSION = 5.0;
				TARGETED_DEVICE_FAMILY = "1,2";
			};
			name = Debug;
		};
		A6DA29E42505C8E0003241A7 /* Release */ = {
			isa = XCBuildConfiguration;
			buildSettings = {
				ASSETCATALOG_COMPILER_APPICON_NAME = AppIcon;
				CODE_SIGN_STYLE = Automatic;
				DEVELOPMENT_TEAM = 2B9H3895JF;
				INFOPLIST_FILE = RefactorMVCToMVP/Info.plist;
				LD_RUNPATH_SEARCH_PATHS = (
					"$(inherited)",
					"@executable_path/Frameworks",
				);
				PRODUCT_BUNDLE_IDENTIFIER = edu.monash.RefactorMVCToMVP;
				PRODUCT_NAME = "$(TARGET_NAME)";
				SWIFT_VERSION = 5.0;
				TARGETED_DEVICE_FAMILY = "1,2";
			};
			name = Release;
		};
/* End XCBuildConfiguration section */

/* Begin XCConfigurationList section */
		A6DA29C72505C8DD003241A7 /* Build configuration list for PBXProject "RefactorMVCToMVP" */ = {
			isa = XCConfigurationList;
			buildConfigurations = (
				A6DA29E02505C8E0003241A7 /* Debug */,
				A6DA29E12505C8E0003241A7 /* Release */,
			);
			defaultConfigurationIsVisible = 0;
			defaultConfigurationName = Release;
		};
		A6DA29E22505C8E0003241A7 /* Build configuration list for PBXNativeTarget "RefactorMVCToMVP" */ = {
			isa = XCConfigurationList;
			buildConfigurations = (
				A6DA29E32505C8E0003241A7 /* Debug */,
				A6DA29E42505C8E0003241A7 /* Release */,
			);
			defaultConfigurationIsVisible = 0;
			defaultConfigurationName = Release;
		};
/* End XCConfigurationList section */
	};
	rootObject = A6DA29C42505C8DD003241A7 /* Project object */;
}
